
Microsoft Visual Studio Solution File, Format Version 12.00
# Visual Studio Version 17
VisualStudioVersion = 17.13.35913.81
MinimumVisualStudioVersion = 10.0.40219.1
Project("{FAE04EC0-301F-11D3-BF4B-00C04F79EFBC}") = "DEP", "DEP\DEP.csproj", "{870538BE-4961-4F98-9ED5-BD7949975788}"
EndProject
Global
	GlobalSection(SolutionConfigurationPlatforms) = preSolution
		Debug|Any CPU = Debug|Any CPU
		Release|Any CPU = Release|Any CPU
	EndGlobalSection
	GlobalSection(ProjectConfigurationPlatforms) = postSolution
		{870538BE-4961-4F98-9ED5-BD7949975788}.Debug|Any CPU.ActiveCfg = Debug|Any CPU
		{870538BE-4961-4F98-9ED5-BD7949975788}.Debug|Any CPU.Build.0 = Debug|Any CPU
		{870538BE-4961-4F98-9ED5-BD7949975788}.Release|Any CPU.ActiveCfg = Release|Any CPU
		{870538BE-4961-4F98-9ED5-BD7949975788}.Release|Any CPU.Build.0 = Release|Any CPU
	EndGlobalSection
	GlobalSection(SolutionProperties) = preSolution
		HideSolutionNode = FALSE
	EndGlobalSection
	GlobalSection(ExtensibilityGlobals) = postSolution
		SolutionGuid = {74BC0119-AD88-450A-8A0D-E87CD98C57F5}
	EndGlobalSection
EndGlobal
